
Microsoft Visual Studio Solution File, Format Version 12.00
# Visual Studio Version 16
VisualStudioVersion = 16.0.30503.244
MinimumVisualStudioVersion = 10.0.40219.1
Project("{8BC9CEB8-8B4A-11D0-8D11-00A0C91BC942}") = "v0.1_masyvas", "v0.1_masyvas\v0.1_masyvas.vcxproj", "{7512986F-615D-46E4-85E6-FC6CD2C3A058}"
EndProject
Global
	GlobalSection(SolutionConfigurationPlatforms) = preSolution
		Debug|x64 = Debug|x64
		Debug|x86 = Debug|x86
		Release|x64 = Release|x64
		Release|x86 = Release|x86
	EndGlobalSection
	GlobalSection(ProjectConfigurationPlatforms) = postSolution
		{7512986F-615D-46E4-85E6-FC6CD2C3A058}.Debug|x64.ActiveCfg = Debug|x64
		{7512986F-615D-46E4-85E6-FC6CD2C3A058}.Debug|x64.Build.0 = Debug|x64
		{7512986F-615D-46E4-85E6-FC6CD2C3A058}.Debug|x86.ActiveCfg = Debug|Win32
		{7512986F-615D-46E4-85E6-FC6CD2C3A058}.Debug|x86.Build.0 = Debug|Win32
		{7512986F-615D-46E4-85E6-FC6CD2C3A058}.Release|x64.ActiveCfg = Release|x64
		{7512986F-615D-46E4-85E6-FC6CD2C3A058}.Release|x64.Build.0 = Release|x64
		{7512986F-615D-46E4-85E6-FC6CD2C3A058}.Release|x86.ActiveCfg = Release|Win32
		{7512986F-615D-46E4-85E6-FC6CD2C3A058}.Release|x86.Build.0 = Release|Win32
	EndGlobalSection
	GlobalSection(SolutionProperties) = preSolution
		HideSolutionNode = FALSE
	EndGlobalSection
	GlobalSection(ExtensibilityGlobals) = postSolution
		SolutionGuid = {4B4EC227-FA9E-4FFA-9316-146FA746339E}
	EndGlobalSection
EndGlobal
